
Microsoft Visual Studio Solution File, Format Version 12.00
# Visual Studio 15
VisualStudioVersion = 15.0.27703.2018
MinimumVisualStudioVersion = 10.0.40219.1
Project("{FAE04EC0-301F-11D3-BF4B-00C04F79EFBC}") = "ConexaoDB", "ConexaoDB\ConexaoDB.csproj", "{92A45798-9ECE-4B74-9992-E5E8424ED0DC}"
EndProject
Global
	GlobalSection(SolutionConfigurationPlatforms) = preSolution
		Debug|Any CPU = Debug|Any CPU
		Release|Any CPU = Release|Any CPU
	EndGlobalSection
	GlobalSection(ProjectConfigurationPlatforms) = postSolution
		{92A45798-9ECE-4B74-9992-E5E8424ED0DC}.Debug|Any CPU.ActiveCfg = Debug|Any CPU
		{92A45798-9ECE-4B74-9992-E5E8424ED0DC}.Debug|Any CPU.Build.0 = Debug|Any CPU
		{92A45798-9ECE-4B74-9992-E5E8424ED0DC}.Release|Any CPU.ActiveCfg = Release|Any CPU
		{92A45798-9ECE-4B74-9992-E5E8424ED0DC}.Release|Any CPU.Build.0 = Release|Any CPU
	EndGlobalSection
	GlobalSection(SolutionProperties) = preSolution
		HideSolutionNode = FALSE
	EndGlobalSection
	GlobalSection(ExtensibilityGlobals) = postSolution
		SolutionGuid = {B34CB4DD-5509-4F80-A554-A7A3B530016C}
	EndGlobalSection
EndGlobal
